
Microsoft Visual Studio Solution File, Format Version 12.00
# Visual Studio Version 17
VisualStudioVersion = 17.8.34330.188
MinimumVisualStudioVersion = 10.0.40219.1
Project("{C9674DCB-5085-4A16-B785-4C70DD1589BD}") = "Book_DWH_ETL", "Book_DWH_ETL\Book_DWH_ETL.dtproj", "{A0EC05BD-AF39-44E4-9C57-9ADFC9C6ABFD}"
EndProject
Global
	GlobalSection(SolutionConfigurationPlatforms) = preSolution
		Development|Default = Development|Default
	EndGlobalSection
	GlobalSection(ProjectConfigurationPlatforms) = postSolution
		{A0EC05BD-AF39-44E4-9C57-9ADFC9C6ABFD}.Development|Default.ActiveCfg = Development
		{A0EC05BD-AF39-44E4-9C57-9ADFC9C6ABFD}.Development|Default.Build.0 = Development
	EndGlobalSection
	GlobalSection(SolutionProperties) = preSolution
		HideSolutionNode = FALSE
	EndGlobalSection
	GlobalSection(ExtensibilityGlobals) = postSolution
		SolutionGuid = {747B0231-C69D-4E18-A73B-8220F1D7FEEB}
	EndGlobalSection
EndGlobal
